
Microsoft Visual Studio Solution File, Format Version 12.00
# Visual Studio 15
VisualStudioVersion = 15.0.28307.1321
MinimumVisualStudioVersion = 10.0.40219.1
Project("{FAE04EC0-301F-11D3-BF4B-00C04F79EFBC}") = "UpLoadZip.WEB", "UpLoadZip.WEB\UpLoadZip.WEB.csproj", "{DCA24DA5-D258-4BC7-847F-F1D63DADDF56}"
EndProject
Project("{FAE04EC0-301F-11D3-BF4B-00C04F79EFBC}") = "UpLoadZip.Test", "UpLoadZip.Test\UpLoadZip.Test.csproj", "{86893792-2770-434F-BA01-9E245624B815}"
EndProject
Global
	GlobalSection(SolutionConfigurationPlatforms) = preSolution
		Debug|Any CPU = Debug|Any CPU
		Release|Any CPU = Release|Any CPU
	EndGlobalSection
	GlobalSection(ProjectConfigurationPlatforms) = postSolution
		{DCA24DA5-D258-4BC7-847F-F1D63DADDF56}.Debug|Any CPU.ActiveCfg = Debug|Any CPU
		{DCA24DA5-D258-4BC7-847F-F1D63DADDF56}.Debug|Any CPU.Build.0 = Debug|Any CPU
		{DCA24DA5-D258-4BC7-847F-F1D63DADDF56}.Release|Any CPU.ActiveCfg = Release|Any CPU
		{DCA24DA5-D258-4BC7-847F-F1D63DADDF56}.Release|Any CPU.Build.0 = Release|Any CPU
		{86893792-2770-434F-BA01-9E245624B815}.Debug|Any CPU.ActiveCfg = Debug|Any CPU
		{86893792-2770-434F-BA01-9E245624B815}.Debug|Any CPU.Build.0 = Debug|Any CPU
		{86893792-2770-434F-BA01-9E245624B815}.Release|Any CPU.ActiveCfg = Release|Any CPU
		{86893792-2770-434F-BA01-9E245624B815}.Release|Any CPU.Build.0 = Release|Any CPU
	EndGlobalSection
	GlobalSection(SolutionProperties) = preSolution
		HideSolutionNode = FALSE
	EndGlobalSection
	GlobalSection(ExtensibilityGlobals) = postSolution
		SolutionGuid = {597AE4E5-C1F4-446A-BACC-72412C113F43}
	EndGlobalSection
EndGlobal
